<?xml version="1.0" encoding="utf-8"?>
<Project ToolsVersion="4.0" xmlns="http://schemas.microsoft.com/developer/msbuild/2003">
  <ItemGroup>
    <Filter Include="Source Files">
      <UniqueIdentifier>{4FC737F1-C7A5-4376-A066-2A32D752A2FF}</UniqueIdentifier>
      <Extensions>cpp;c;cc;cxx;c++;cppm;ixx;def;odl;idl;hpj;bat;asm;asmx</Extensions>
    </Filter>
    <Filter Include="Header Files">
      <UniqueIdentifier>{93995380-89BD-4b04-88EB-625FBE52EBFB}</UniqueIdentifier>
      <Extensions>h;hh;hpp;hxx;h++;hm;inl;inc;ipp;xsd</Extensions>
    </Filter>
    <Filter Include="Resource Files">
      <UniqueIdentifier>{67DA6AB6-F800-4c08-8B7A-83BB121AAD01}</UniqueIdentifier>
      <Extensions>rc;ico;cur;bmp;dlg;rc2;rct;bin;rgs;gif;jpg;jpeg;jpe;resx;tiff;tif;png;wav;mfcribbon-ms</Extensions>
    </Filter>
    <Filter Include="StackArray">
      <UniqueIdentifier>{8f29f9da-3ddf-447c-9eaa-9cc83e66a1ea}</UniqueIdentifier>
    </Filter>
    <Filter Include="StackLinked">
      <UniqueIdentifier>{e94ac0a9-4a57-4d2a-a00f-392d65e2ab54}</UniqueIdentifier>
    </Filter>
    <Filter Include="QueueArray">
      <UniqueIdentifier>{a829bbd7-a587-4988-8f33-4e8d55d0e9e4}</UniqueIdentifier>
    </Filter>
    <Filter Include="QueueLinked">
      <UniqueIdentifier>{ffff5c21-25f7-4bbe-bd82-04ba6a8accc2}</UniqueIdentifier>
    </Filter>
  </ItemGroup>
  <ItemGroup>
    <ClCompile Include="StackArray\StackArray.c">
      <Filter>StackArray</Filter>
    </ClCompile>
    <ClCompile Include="main.c">
      <Filter>Source Files</Filter>
    </ClCompile>
    <ClCompile Include="StackLinked\StackLinked.c">
      <Filter>StackLinked</Filter>
    </ClCompile>
    <ClCompile Include="QueueArray\QueueArray.c">
      <Filter>QueueArray</Filter>
    </ClCompile>
    <ClCompile Include="QueueLinked\QueueLinked.c">
      <Filter>QueueLinked</Filter>
    </ClCompile>
  </ItemGroup>
  <ItemGroup>
    <ClInclude Include="StackArray\StackArray.h">
      <Filter>StackArray</Filter>
    </ClInclude>
    <ClInclude Include="StackLinked\StackLinked.h">
      <Filter>StackLinked</Filter>
    </ClInclude>
    <ClInclude Include="QueueArray\QueueArray.h">
      <Filter>QueueArray</Filter>
    </ClInclude>
    <ClInclude Include="QueueLinked\QueueLinked.h">
      <Filter>QueueLinked</Filter>
    </ClInclude>
  </ItemGroup>
</Project>